{
    "version": 3,
    "terraform_version": "0.11.11",
    "serial": 2,
    "lineage": "40a73ef3-abed-57c9-6c78-094ebae546b7",
    "modules": [
        {
            "path": [
                "root"
            ],
            "outputs": {
                "app_external_ip": {
                    "sensitive": false,
                    "type": "string",
                    "value": "35.205.55.84"
                }
            },
            "resources": {
                "google_compute_address.app_ip": {
                    "type": "google_compute_address",
                    "depends_on": [],
                    "primary": {
                        "id": "infra-230211/europe-west1/reddit-app-ip",
                        "attributes": {
                            "address": "35.205.55.84",
                            "address_type": "EXTERNAL",
                            "creation_timestamp": "2019-02-06T05:12:09.793-08:00",
                            "description": "",
                            "id": "infra-230211/europe-west1/reddit-app-ip",
                            "label_fingerprint": "42WmSpB8rSM=",
                            "labels.%": "0",
                            "name": "reddit-app-ip",
                            "network_tier": "PREMIUM",
                            "project": "infra-230211",
                            "region": "europe-west1",
                            "self_link": "https://www.googleapis.com/compute/v1/projects/infra-230211/regions/europe-west1/addresses/reddit-app-ip",
                            "subnetwork": "",
                            "users.#": "0"
                        },
                        "meta": {
                            "e2bfb730-ecaa-11e6-8f88-34363bc7c4c0": {
                                "create": 240000000000,
                                "delete": 240000000000,
                                "update": 240000000000
                            }
                        },
                        "tainted": false
                    },
                    "deposed": [],
                    "provider": "provider.google"
                },
                "google_compute_firewall.firewall_mongo": {
                    "type": "google_compute_firewall",
                    "depends_on": [],
                    "primary": {
                        "id": "allow-mongo-default",
                        "attributes": {
                            "allow.#": "1",
                            "allow.555053134.ports.#": "1",
                            "allow.555053134.ports.0": "27017",
                            "allow.555053134.protocol": "tcp",
                            "creation_timestamp": "2019-02-06T05:12:09.973-08:00",
                            "deny.#": "0",
                            "description": "",
                            "destination_ranges.#": "0",
                            "direction": "INGRESS",
                            "disabled": "false",
                            "enable_logging": "false",
                            "id": "allow-mongo-default",
                            "name": "allow-mongo-default",
                            "network": "https://www.googleapis.com/compute/v1/projects/infra-230211/global/networks/default",
                            "priority": "1000",
                            "project": "infra-230211",
                            "self_link": "https://www.googleapis.com/compute/v1/projects/infra-230211/global/firewalls/allow-mongo-default",
                            "source_ranges.#": "0",
                            "source_service_accounts.#": "0",
                            "source_tags.#": "1",
                            "source_tags.1799682348": "reddit-app",
                            "target_service_accounts.#": "0",
                            "target_tags.#": "1",
                            "target_tags.2920033547": "reddit-db"
                        },
                        "meta": {
                            "e2bfb730-ecaa-11e6-8f88-34363bc7c4c0": {
                                "create": 240000000000,
                                "delete": 240000000000,
                                "update": 240000000000
                            },
                            "schema_version": "1"
                        },
                        "tainted": false
                    },
                    "deposed": [],
                    "provider": "provider.google"
                },
                "google_compute_firewall.firewall_puma": {
                    "type": "google_compute_firewall",
                    "depends_on": [],
                    "primary": {
                        "id": "allow-puma-default",
                        "attributes": {
                            "allow.#": "1",
                            "allow.931060522.ports.#": "1",
                            "allow.931060522.ports.0": "9292",
                            "allow.931060522.protocol": "tcp",
                            "creation_timestamp": "2019-02-06T05:12:09.977-08:00",
                            "deny.#": "0",
                            "description": "",
                            "destination_ranges.#": "0",
                            "direction": "INGRESS",
                            "disabled": "false",
                            "enable_logging": "false",
                            "id": "allow-puma-default",
                            "name": "allow-puma-default",
                            "network": "https://www.googleapis.com/compute/v1/projects/infra-230211/global/networks/default",
                            "priority": "1000",
                            "project": "infra-230211",
                            "self_link": "https://www.googleapis.com/compute/v1/projects/infra-230211/global/firewalls/allow-puma-default",
                            "source_ranges.#": "1",
                            "source_ranges.1080289494": "0.0.0.0/0",
                            "source_service_accounts.#": "0",
                            "source_tags.#": "0",
                            "target_service_accounts.#": "0",
                            "target_tags.#": "1",
                            "target_tags.1799682348": "reddit-app"
                        },
                        "meta": {
                            "e2bfb730-ecaa-11e6-8f88-34363bc7c4c0": {
                                "create": 240000000000,
                                "delete": 240000000000,
                                "update": 240000000000
                            },
                            "schema_version": "1"
                        },
                        "tainted": false
                    },
                    "deposed": [],
                    "provider": "provider.google"
                },
                "google_compute_firewall.firewall_ssh": {
                    "type": "google_compute_firewall",
                    "depends_on": [],
                    "primary": {
                        "id": "default-allow-ssh",
                        "attributes": {
                            "allow.#": "1",
                            "allow.803338340.ports.#": "1",
                            "allow.803338340.ports.0": "22",
                            "allow.803338340.protocol": "tcp",
                            "creation_timestamp": "2019-02-06T05:12:09.870-08:00",
                            "deny.#": "0",
                            "description": "Allow SSH my rule",
                            "destination_ranges.#": "0",
                            "direction": "INGRESS",
                            "disabled": "false",
                            "enable_logging": "false",
                            "id": "default-allow-ssh",
                            "name": "default-allow-ssh",
                            "network": "https://www.googleapis.com/compute/v1/projects/infra-230211/global/networks/default",
                            "priority": "1000",
                            "project": "infra-230211",
                            "self_link": "https://www.googleapis.com/compute/v1/projects/infra-230211/global/firewalls/default-allow-ssh",
                            "source_ranges.#": "1",
                            "source_ranges.1080289494": "0.0.0.0/0",
                            "source_service_accounts.#": "0",
                            "source_tags.#": "0",
                            "target_service_accounts.#": "0",
                            "target_tags.#": "0"
                        },
                        "meta": {
                            "e2bfb730-ecaa-11e6-8f88-34363bc7c4c0": {
                                "create": 240000000000,
                                "delete": 240000000000,
                                "update": 240000000000
                            },
                            "schema_version": "1"
                        },
                        "tainted": false
                    },
                    "deposed": [],
                    "provider": "provider.google"
                },
                "google_compute_instance.app": {
                    "type": "google_compute_instance",
                    "depends_on": [
                        "google_compute_address.app_ip"
                    ],
                    "primary": {
                        "id": "reddit-app",
                        "attributes": {
                            "attached_disk.#": "0",
                            "boot_disk.#": "1",
                            "boot_disk.0.auto_delete": "true",
                            "boot_disk.0.device_name": "persistent-disk-0",
                            "boot_disk.0.disk_encryption_key_raw": "",
                            "boot_disk.0.disk_encryption_key_sha256": "",
                            "boot_disk.0.initialize_params.#": "1",
                            "boot_disk.0.initialize_params.0.image": "https://www.googleapis.com/compute/v1/projects/infra-230211/global/images/reddit-app-1549455783",
                            "boot_disk.0.initialize_params.0.size": "10",
                            "boot_disk.0.initialize_params.0.type": "pd-standard",
                            "boot_disk.0.source": "https://www.googleapis.com/compute/v1/projects/infra-230211/zones/europe-west1-b/disks/reddit-app",
                            "can_ip_forward": "false",
                            "cpu_platform": "Intel Sandy Bridge",
                            "create_timeout": "4",
                            "deletion_protection": "false",
                            "guest_accelerator.#": "0",
                            "id": "reddit-app",
                            "instance_id": "8099807142719480793",
                            "label_fingerprint": "42WmSpB8rSM=",
                            "labels.%": "0",
                            "machine_type": "g1-small",
                            "metadata.%": "1",
                            "metadata.ssh-keys": "Buldozer:ssh-rsa AAAAB3NzaC1yc2EAAAADAQABAAABAQDAt1GhQpJVqwfDUnR9fV6xh816Fwo2/l57GZf/1aBx76FMDc334emjZIxG8o4/kIRiIOY6NRP0Q8U+4hGwBJsRRl2lyNq/yZyUpktZgGJ4Cwy+xJq8QZh8loBOw+hJzFbrTRg++zJO7TpWcsQc6TMUbRY4W1cMwljAHPx3v3JpbbrAykLmScDbkrOgNwnv2BNJ0+fHyan7ecqTKZ6SHsbO+4a3cviLczXdgUFSu+OZzedJcDpg4A4H5RLMWkSoQCnyF3i6trqXK8Iia5xY5szO7Ct1J5LQh4gaNL4NYwv9uy3z5Tjj5mdAAcmSVJ+TiD1Xuv3kgm4rKrJAmDOw4dZ1 buldozer@gomelhimtorg@DESKTOP-GDB6VF2\r\n",
                            "metadata_fingerprint": "xG1iI6MIUxM=",
                            "metadata_startup_script": "",
                            "min_cpu_platform": "",
                            "name": "reddit-app",
                            "network_interface.#": "1",
                            "network_interface.0.access_config.#": "1",
                            "network_interface.0.access_config.0.assigned_nat_ip": "35.205.55.84",
                            "network_interface.0.access_config.0.nat_ip": "35.205.55.84",
                            "network_interface.0.access_config.0.network_tier": "PREMIUM",
                            "network_interface.0.access_config.0.public_ptr_domain_name": "",
                            "network_interface.0.address": "10.132.0.59",
                            "network_interface.0.alias_ip_range.#": "0",
                            "network_interface.0.name": "nic0",
                            "network_interface.0.network": "https://www.googleapis.com/compute/v1/projects/infra-230211/global/networks/default",
                            "network_interface.0.network_ip": "10.132.0.59",
                            "network_interface.0.subnetwork": "https://www.googleapis.com/compute/v1/projects/infra-230211/regions/europe-west1/subnetworks/default",
                            "network_interface.0.subnetwork_project": "infra-230211",
                            "project": "infra-230211",
                            "scheduling.#": "1",
                            "scheduling.0.automatic_restart": "false",
                            "scheduling.0.on_host_maintenance": "MIGRATE",
                            "scheduling.0.preemptible": "false",
                            "scratch_disk.#": "0",
                            "self_link": "https://www.googleapis.com/compute/v1/projects/infra-230211/zones/europe-west1-b/instances/reddit-app",
                            "service_account.#": "0",
                            "tags.#": "1",
                            "tags.1799682348": "reddit-app",
                            "tags_fingerprint": "M-ggixIz-AU=",
                            "zone": "europe-west1-b"
                        },
                        "meta": {
                            "e2bfb730-ecaa-11e6-8f88-34363bc7c4c0": {
                                "create": 360000000000,
                                "delete": 360000000000,
                                "update": 360000000000
                            },
                            "schema_version": "6"
                        },
                        "tainted": false
                    },
                    "deposed": [],
                    "provider": "provider.google"
                },
                "google_compute_instance.db": {
                    "type": "google_compute_instance",
                    "depends_on": [],
                    "primary": {
                        "id": "reddit-db",
                        "attributes": {
                            "attached_disk.#": "0",
                            "boot_disk.#": "1",
                            "boot_disk.0.auto_delete": "true",
                            "boot_disk.0.device_name": "persistent-disk-0",
                            "boot_disk.0.disk_encryption_key_raw": "",
                            "boot_disk.0.disk_encryption_key_sha256": "",
                            "boot_disk.0.initialize_params.#": "1",
                            "boot_disk.0.initialize_params.0.image": "https://www.googleapis.com/compute/v1/projects/infra-230211/global/images/reddit-db-1549455153",
                            "boot_disk.0.initialize_params.0.size": "10",
                            "boot_disk.0.initialize_params.0.type": "pd-standard",
                            "boot_disk.0.source": "https://www.googleapis.com/compute/v1/projects/infra-230211/zones/europe-west1-b/disks/reddit-db",
                            "can_ip_forward": "false",
                            "cpu_platform": "Intel Sandy Bridge",
                            "create_timeout": "4",
                            "deletion_protection": "false",
                            "guest_accelerator.#": "0",
                            "id": "reddit-db",
                            "instance_id": "345233686812648389",
                            "label_fingerprint": "42WmSpB8rSM=",
                            "labels.%": "0",
                            "machine_type": "g1-small",
                            "metadata.%": "1",
                            "metadata.ssh-keys": "Buldozer:ssh-rsa AAAAB3NzaC1yc2EAAAADAQABAAABAQDAt1GhQpJVqwfDUnR9fV6xh816Fwo2/l57GZf/1aBx76FMDc334emjZIxG8o4/kIRiIOY6NRP0Q8U+4hGwBJsRRl2lyNq/yZyUpktZgGJ4Cwy+xJq8QZh8loBOw+hJzFbrTRg++zJO7TpWcsQc6TMUbRY4W1cMwljAHPx3v3JpbbrAykLmScDbkrOgNwnv2BNJ0+fHyan7ecqTKZ6SHsbO+4a3cviLczXdgUFSu+OZzedJcDpg4A4H5RLMWkSoQCnyF3i6trqXK8Iia5xY5szO7Ct1J5LQh4gaNL4NYwv9uy3z5Tjj5mdAAcmSVJ+TiD1Xuv3kgm4rKrJAmDOw4dZ1 buldozer@gomelhimtorg@DESKTOP-GDB6VF2\r\n",
                            "metadata_fingerprint": "xG1iI6MIUxM=",
                            "metadata_startup_script": "",
                            "min_cpu_platform": "",
                            "name": "reddit-db",
                            "network_interface.#": "1",
                            "network_interface.0.access_config.#": "1",
                            "network_interface.0.access_config.0.assigned_nat_ip": "35.187.47.71",
                            "network_interface.0.access_config.0.nat_ip": "35.187.47.71",
                            "network_interface.0.access_config.0.network_tier": "PREMIUM",
                            "network_interface.0.access_config.0.public_ptr_domain_name": "",
                            "network_interface.0.address": "10.132.0.58",
                            "network_interface.0.alias_ip_range.#": "0",
                            "network_interface.0.name": "nic0",
                            "network_interface.0.network": "https://www.googleapis.com/compute/v1/projects/infra-230211/global/networks/default",
                            "network_interface.0.network_ip": "10.132.0.58",
                            "network_interface.0.subnetwork": "https://www.googleapis.com/compute/v1/projects/infra-230211/regions/europe-west1/subnetworks/default",
                            "network_interface.0.subnetwork_project": "infra-230211",
                            "project": "infra-230211",
                            "scheduling.#": "1",
                            "scheduling.0.automatic_restart": "false",
                            "scheduling.0.on_host_maintenance": "MIGRATE",
                            "scheduling.0.preemptible": "false",
                            "scratch_disk.#": "0",
                            "self_link": "https://www.googleapis.com/compute/v1/projects/infra-230211/zones/europe-west1-b/instances/reddit-db",
                            "service_account.#": "0",
                            "tags.#": "1",
                            "tags.2920033547": "reddit-db",
                            "tags_fingerprint": "NQyRUqL7UTU=",
                            "zone": "europe-west1-b"
                        },
                        "meta": {
                            "e2bfb730-ecaa-11e6-8f88-34363bc7c4c0": {
                                "create": 360000000000,
                                "delete": 360000000000,
                                "update": 360000000000
                            },
                            "schema_version": "6"
                        },
                        "tainted": false
                    },
                    "deposed": [],
                    "provider": "provider.google"
                }
            },
            "depends_on": []
        }
    ]
}
